
Microsoft Visual Studio Solution File, Format Version 12.00
# Visual Studio Version 17
VisualStudioVersion = 17.0.31903.59
MinimumVisualStudioVersion = 10.0.40219.1
Project("{9A19103F-16F7-4668-BE54-9A1E7A4F7556}") = "BlocksCore", "BlocksCore\BlocksCore.csproj", "{B1D8505D-4155-447F-AC02-0FE809A2770C}"
EndProject
Project("{9A19103F-16F7-4668-BE54-9A1E7A4F7556}") = "MyDataBases", "MyDataBases\MyDataBases.csproj", "{F94CDFA3-4997-43EA-A9D7-3B22DCEA029C}"
EndProject
Project("{9A19103F-16F7-4668-BE54-9A1E7A4F7556}") = "MyConsole", "MyConsole\MyConsole.csproj", "{14410A33-EE56-4DD6-9989-F3333318F033}"
EndProject
Project("{9A19103F-16F7-4668-BE54-9A1E7A4F7556}") = "WebApp", "WebApp\WebApp.csproj", "{E97A405D-4584-4211-BE11-E1726165BC2A}"
EndProject
Project("{2150E333-8FDC-42A3-9474-1A3956D46DE8}") = "Solution Items", "Solution Items", "{F1784167-7257-41FA-8C70-34D6454F8EA0}"
	ProjectSection(SolutionItems) = preProject
		.gitignore = .gitignore
	EndProjectSection
EndProject
Global
	GlobalSection(SolutionConfigurationPlatforms) = preSolution
		Debug|Any CPU = Debug|Any CPU
		Release|Any CPU = Release|Any CPU
	EndGlobalSection
	GlobalSection(ProjectConfigurationPlatforms) = postSolution
		{B1D8505D-4155-447F-AC02-0FE809A2770C}.Debug|Any CPU.ActiveCfg = Debug|Any CPU
		{B1D8505D-4155-447F-AC02-0FE809A2770C}.Debug|Any CPU.Build.0 = Debug|Any CPU
		{B1D8505D-4155-447F-AC02-0FE809A2770C}.Release|Any CPU.ActiveCfg = Release|Any CPU
		{B1D8505D-4155-447F-AC02-0FE809A2770C}.Release|Any CPU.Build.0 = Release|Any CPU
		{F94CDFA3-4997-43EA-A9D7-3B22DCEA029C}.Debug|Any CPU.ActiveCfg = Debug|Any CPU
		{F94CDFA3-4997-43EA-A9D7-3B22DCEA029C}.Debug|Any CPU.Build.0 = Debug|Any CPU
		{F94CDFA3-4997-43EA-A9D7-3B22DCEA029C}.Release|Any CPU.ActiveCfg = Release|Any CPU
		{F94CDFA3-4997-43EA-A9D7-3B22DCEA029C}.Release|Any CPU.Build.0 = Release|Any CPU
		{14410A33-EE56-4DD6-9989-F3333318F033}.Debug|Any CPU.ActiveCfg = Debug|Any CPU
		{14410A33-EE56-4DD6-9989-F3333318F033}.Debug|Any CPU.Build.0 = Debug|Any CPU
		{14410A33-EE56-4DD6-9989-F3333318F033}.Release|Any CPU.ActiveCfg = Release|Any CPU
		{14410A33-EE56-4DD6-9989-F3333318F033}.Release|Any CPU.Build.0 = Release|Any CPU
		{E97A405D-4584-4211-BE11-E1726165BC2A}.Debug|Any CPU.ActiveCfg = Debug|Any CPU
		{E97A405D-4584-4211-BE11-E1726165BC2A}.Debug|Any CPU.Build.0 = Debug|Any CPU
		{E97A405D-4584-4211-BE11-E1726165BC2A}.Release|Any CPU.ActiveCfg = Release|Any CPU
		{E97A405D-4584-4211-BE11-E1726165BC2A}.Release|Any CPU.Build.0 = Release|Any CPU
	EndGlobalSection
	GlobalSection(SolutionProperties) = preSolution
		HideSolutionNode = FALSE
	EndGlobalSection
EndGlobal
